
Microsoft Visual Studio Solution File, Format Version 12.00
# Visual Studio 14
VisualStudioVersion = 14.0.25420.1
MinimumVisualStudioVersion = 10.0.40219.1
Project("{FAE04EC0-301F-11D3-BF4B-00C04F79EFBC}") = "MOB.XF.Fiap1.Droid", "MOB.XF.Fiap1\MOB.XF.Fiap1.Droid\MOB.XF.Fiap1.Droid.csproj", "{79058B68-0AA1-41E0-8209-F13A72B05643}"
EndProject
Project("{FAE04EC0-301F-11D3-BF4B-00C04F79EFBC}") = "MOB.XF.Fiap1.iOS", "MOB.XF.Fiap1\MOB.XF.Fiap1.iOS\MOB.XF.Fiap1.iOS.csproj", "{9AAAC578-9126-4152-AE5C-F18DB880849D}"
EndProject
Project("{FAE04EC0-301F-11D3-BF4B-00C04F79EFBC}") = "MOB.XF.Fiap1.WinPhone", "MOB.XF.Fiap1\MOB.XF.Fiap1.WinPhone\MOB.XF.Fiap1.WinPhone.csproj", "{02D90EFC-38E3-435A-8029-3A29D5966A93}"
EndProject
Project("{FAE04EC0-301F-11D3-BF4B-00C04F79EFBC}") = "MOB.XF.Fiap1.UWP", "MOB.XF.Fiap1\MOB.XF.Fiap1.UWP\MOB.XF.Fiap1.UWP.csproj", "{2C08C649-CEC7-4358-A2A5-2F5E1E4FD55C}"
EndProject
Project("{FAE04EC0-301F-11D3-BF4B-00C04F79EFBC}") = "MOB.XF.Fiap1.Windows", "MOB.XF.Fiap1\MOB.XF.Fiap1.Windows\MOB.XF.Fiap1.Windows.csproj", "{76EBE830-EB2C-4DE6-AA00-A72381C4ECAA}"
EndProject
Project("{FAE04EC0-301F-11D3-BF4B-00C04F79EFBC}") = "MOB.XF.Fiap1", "MOB.XF.Fiap1\MOB.XF.Fiap1\MOB.XF.Fiap1.csproj", "{7EEDE8B1-2B5E-48B0-A546-E0864B1C6349}"
EndProject
Global
	GlobalSection(SolutionConfigurationPlatforms) = preSolution
		Ad-Hoc|Any CPU = Ad-Hoc|Any CPU
		Ad-Hoc|ARM = Ad-Hoc|ARM
		Ad-Hoc|iPhone = Ad-Hoc|iPhone
		Ad-Hoc|iPhoneSimulator = Ad-Hoc|iPhoneSimulator
		Ad-Hoc|x64 = Ad-Hoc|x64
		Ad-Hoc|x86 = Ad-Hoc|x86
		AppStore|Any CPU = AppStore|Any CPU
		AppStore|ARM = AppStore|ARM
		AppStore|iPhone = AppStore|iPhone
		AppStore|iPhoneSimulator = AppStore|iPhoneSimulator
		AppStore|x64 = AppStore|x64
		AppStore|x86 = AppStore|x86
		Debug|Any CPU = Debug|Any CPU
		Debug|ARM = Debug|ARM
		Debug|iPhone = Debug|iPhone
		Debug|iPhoneSimulator = Debug|iPhoneSimulator
		Debug|x64 = Debug|x64
		Debug|x86 = Debug|x86
		Release|Any CPU = Release|Any CPU
		Release|ARM = Release|ARM
		Release|iPhone = Release|iPhone
		Release|iPhoneSimulator = Release|iPhoneSimulator
		Release|x64 = Release|x64
		Release|x86 = Release|x86
	EndGlobalSection
	GlobalSection(ProjectConfigurationPlatforms) = postSolution
		{79058B68-0AA1-41E0-8209-F13A72B05643}.Ad-Hoc|Any CPU.ActiveCfg = Release|Any CPU
		{79058B68-0AA1-41E0-8209-F13A72B05643}.Ad-Hoc|Any CPU.Build.0 = Release|Any CPU
		{79058B68-0AA1-41E0-8209-F13A72B05643}.Ad-Hoc|Any CPU.Deploy.0 = Release|Any CPU
		{79058B68-0AA1-41E0-8209-F13A72B05643}.Ad-Hoc|ARM.ActiveCfg = Release|Any CPU
		{79058B68-0AA1-41E0-8209-F13A72B05643}.Ad-Hoc|ARM.Build.0 = Release|Any CPU
		{79058B68-0AA1-41E0-8209-F13A72B05643}.Ad-Hoc|ARM.Deploy.0 = Release|Any CPU
		{79058B68-0AA1-41E0-8209-F13A72B05643}.Ad-Hoc|iPhone.ActiveCfg = Release|Any CPU
		{79058B68-0AA1-41E0-8209-F13A72B05643}.Ad-Hoc|iPhone.Build.0 = Release|Any CPU
		{79058B68-0AA1-41E0-8209-F13A72B05643}.Ad-Hoc|iPhone.Deploy.0 = Release|Any CPU
		{79058B68-0AA1-41E0-8209-F13A72B05643}.Ad-Hoc|iPhoneSimulator.ActiveCfg = Release|Any CPU
		{79058B68-0AA1-41E0-8209-F13A72B05643}.Ad-Hoc|iPhoneSimulator.Build.0 = Release|Any CPU
		{79058B68-0AA1-41E0-8209-F13A72B05643}.Ad-Hoc|iPhoneSimulator.Deploy.0 = Release|Any CPU
		{79058B68-0AA1-41E0-8209-F13A72B05643}.Ad-Hoc|x64.ActiveCfg = Release|Any CPU
		{79058B68-0AA1-41E0-8209-F13A72B05643}.Ad-Hoc|x64.Build.0 = Release|Any CPU
		{79058B68-0AA1-41E0-8209-F13A72B05643}.Ad-Hoc|x64.Deploy.0 = Release|Any CPU
		{79058B68-0AA1-41E0-8209-F13A72B05643}.Ad-Hoc|x86.ActiveCfg = Release|Any CPU
		{79058B68-0AA1-41E0-8209-F13A72B05643}.Ad-Hoc|x86.Build.0 = Release|Any CPU
		{79058B68-0AA1-41E0-8209-F13A72B05643}.Ad-Hoc|x86.Deploy.0 = Release|Any CPU
		{79058B68-0AA1-41E0-8209-F13A72B05643}.AppStore|Any CPU.ActiveCfg = Release|Any CPU
		{79058B68-0AA1-41E0-8209-F13A72B05643}.AppStore|Any CPU.Build.0 = Release|Any CPU
		{79058B68-0AA1-41E0-8209-F13A72B05643}.AppStore|Any CPU.Deploy.0 = Release|Any CPU
		{79058B68-0AA1-41E0-8209-F13A72B05643}.AppStore|ARM.ActiveCfg = Release|Any CPU
		{79058B68-0AA1-41E0-8209-F13A72B05643}.AppStore|ARM.Build.0 = Release|Any CPU
		{79058B68-0AA1-41E0-8209-F13A72B05643}.AppStore|ARM.Deploy.0 = Release|Any CPU
		{79058B68-0AA1-41E0-8209-F13A72B05643}.AppStore|iPhone.ActiveCfg = Release|Any CPU
		{79058B68-0AA1-41E0-8209-F13A72B05643}.AppStore|iPhone.Build.0 = Release|Any CPU
		{79058B68-0AA1-41E0-8209-F13A72B05643}.AppStore|iPhone.Deploy.0 = Release|Any CPU
		{79058B68-0AA1-41E0-8209-F13A72B05643}.AppStore|iPhoneSimulator.ActiveCfg = Release|Any CPU
		{79058B68-0AA1-41E0-8209-F13A72B05643}.AppStore|iPhoneSimulator.Build.0 = Release|Any CPU
		{79058B68-0AA1-41E0-8209-F13A72B05643}.AppStore|iPhoneSimulator.Deploy.0 = Release|Any CPU
		{79058B68-0AA1-41E0-8209-F13A72B05643}.AppStore|x64.ActiveCfg = Release|Any CPU
		{79058B68-0AA1-41E0-8209-F13A72B05643}.AppStore|x64.Build.0 = Release|Any CPU
		{79058B68-0AA1-41E0-8209-F13A72B05643}.AppStore|x64.Deploy.0 = Release|Any CPU
		{79058B68-0AA1-41E0-8209-F13A72B05643}.AppStore|x86.ActiveCfg = Release|Any CPU
		{79058B68-0AA1-41E0-8209-F13A72B05643}.AppStore|x86.Build.0 = Release|Any CPU
		{79058B68-0AA1-41E0-8209-F13A72B05643}.AppStore|x86.Deploy.0 = Release|Any CPU
		{79058B68-0AA1-41E0-8209-F13A72B05643}.Debug|Any CPU.ActiveCfg = Debug|Any CPU
		{79058B68-0AA1-41E0-8209-F13A72B05643}.Debug|Any CPU.Build.0 = Debug|Any CPU
		{79058B68-0AA1-41E0-8209-F13A72B05643}.Debug|Any CPU.Deploy.0 = Debug|Any CPU
		{79058B68-0AA1-41E0-8209-F13A72B05643}.Debug|ARM.ActiveCfg = Debug|Any CPU
		{79058B68-0AA1-41E0-8209-F13A72B05643}.Debug|ARM.Build.0 = Debug|Any CPU
		{79058B68-0AA1-41E0-8209-F13A72B05643}.Debug|ARM.Deploy.0 = Debug|Any CPU
		{79058B68-0AA1-41E0-8209-F13A72B05643}.Debug|iPhone.ActiveCfg = Debug|Any CPU
		{79058B68-0AA1-41E0-8209-F13A72B05643}.Debug|iPhone.Build.0 = Debug|Any CPU
		{79058B68-0AA1-41E0-8209-F13A72B05643}.Debug|iPhone.Deploy.0 = Debug|Any CPU
		{79058B68-0AA1-41E0-8209-F13A72B05643}.Debug|iPhoneSimulator.ActiveCfg = Debug|Any CPU
		{79058B68-0AA1-41E0-8209-F13A72B05643}.Debug|iPhoneSimulator.Build.0 = Debug|Any CPU
		{79058B68-0AA1-41E0-8209-F13A72B05643}.Debug|iPhoneSimulator.Deploy.0 = Debug|Any CPU
		{79058B68-0AA1-41E0-8209-F13A72B05643}.Debug|x64.ActiveCfg = Debug|Any CPU
		{79058B68-0AA1-41E0-8209-F13A72B05643}.Debug|x64.Build.0 = Debug|Any CPU
		{79058B68-0AA1-41E0-8209-F13A72B05643}.Debug|x64.Deploy.0 = Debug|Any CPU
		{79058B68-0AA1-41E0-8209-F13A72B05643}.Debug|x86.ActiveCfg = Debug|Any CPU
		{79058B68-0AA1-41E0-8209-F13A72B05643}.Debug|x86.Build.0 = Debug|Any CPU
		{79058B68-0AA1-41E0-8209-F13A72B05643}.Debug|x86.Deploy.0 = Debug|Any CPU
		{79058B68-0AA1-41E0-8209-F13A72B05643}.Release|Any CPU.ActiveCfg = Release|Any CPU
		{79058B68-0AA1-41E0-8209-F13A72B05643}.Release|Any CPU.Build.0 = Release|Any CPU
		{79058B68-0AA1-41E0-8209-F13A72B05643}.Release|Any CPU.Deploy.0 = Release|Any CPU
		{79058B68-0AA1-41E0-8209-F13A72B05643}.Release|ARM.ActiveCfg = Release|Any CPU
		{79058B68-0AA1-41E0-8209-F13A72B05643}.Release|ARM.Build.0 = Release|Any CPU
		{79058B68-0AA1-41E0-8209-F13A72B05643}.Release|ARM.Deploy.0 = Release|Any CPU
		{79058B68-0AA1-41E0-8209-F13A72B05643}.Release|iPhone.ActiveCfg = Release|Any CPU
		{79058B68-0AA1-41E0-8209-F13A72B05643}.Release|iPhone.Build.0 = Release|Any CPU
		{79058B68-0AA1-41E0-8209-F13A72B05643}.Release|iPhone.Deploy.0 = Release|Any CPU
		{79058B68-0AA1-41E0-8209-F13A72B05643}.Release|iPhoneSimulator.ActiveCfg = Release|Any CPU
		{79058B68-0AA1-41E0-8209-F13A72B05643}.Release|iPhoneSimulator.Build.0 = Release|Any CPU
		{79058B68-0AA1-41E0-8209-F13A72B05643}.Release|iPhoneSimulator.Deploy.0 = Release|Any CPU
		{79058B68-0AA1-41E0-8209-F13A72B05643}.Release|x64.ActiveCfg = Release|Any CPU
		{79058B68-0AA1-41E0-8209-F13A72B05643}.Release|x64.Build.0 = Release|Any CPU
		{79058B68-0AA1-41E0-8209-F13A72B05643}.Release|x64.Deploy.0 = Release|Any CPU
		{79058B68-0AA1-41E0-8209-F13A72B05643}.Release|x86.ActiveCfg = Release|Any CPU
		{79058B68-0AA1-41E0-8209-F13A72B05643}.Release|x86.Build.0 = Release|Any CPU
		{79058B68-0AA1-41E0-8209-F13A72B05643}.Release|x86.Deploy.0 = Release|Any CPU
		{9AAAC578-9126-4152-AE5C-F18DB880849D}.Ad-Hoc|Any CPU.ActiveCfg = Ad-Hoc|iPhone
		{9AAAC578-9126-4152-AE5C-F18DB880849D}.Ad-Hoc|ARM.ActiveCfg = Ad-Hoc|iPhone
		{9AAAC578-9126-4152-AE5C-F18DB880849D}.Ad-Hoc|iPhone.ActiveCfg = Ad-Hoc|iPhone
		{9AAAC578-9126-4152-AE5C-F18DB880849D}.Ad-Hoc|iPhone.Build.0 = Ad-Hoc|iPhone
		{9AAAC578-9126-4152-AE5C-F18DB880849D}.Ad-Hoc|iPhoneSimulator.ActiveCfg = Ad-Hoc|iPhoneSimulator
		{9AAAC578-9126-4152-AE5C-F18DB880849D}.Ad-Hoc|iPhoneSimulator.Build.0 = Ad-Hoc|iPhoneSimulator
		{9AAAC578-9126-4152-AE5C-F18DB880849D}.Ad-Hoc|x64.ActiveCfg = Ad-Hoc|iPhone
		{9AAAC578-9126-4152-AE5C-F18DB880849D}.Ad-Hoc|x86.ActiveCfg = Ad-Hoc|iPhone
		{9AAAC578-9126-4152-AE5C-F18DB880849D}.AppStore|Any CPU.ActiveCfg = AppStore|iPhone
		{9AAAC578-9126-4152-AE5C-F18DB880849D}.AppStore|ARM.ActiveCfg = AppStore|iPhone
		{9AAAC578-9126-4152-AE5C-F18DB880849D}.AppStore|iPhone.ActiveCfg = AppStore|iPhone
		{9AAAC578-9126-4152-AE5C-F18DB880849D}.AppStore|iPhone.Build.0 = AppStore|iPhone
		{9AAAC578-9126-4152-AE5C-F18DB880849D}.AppStore|iPhoneSimulator.ActiveCfg = AppStore|iPhoneSimulator
		{9AAAC578-9126-4152-AE5C-F18DB880849D}.AppStore|iPhoneSimulator.Build.0 = AppStore|iPhoneSimulator
		{9AAAC578-9126-4152-AE5C-F18DB880849D}.AppStore|x64.ActiveCfg = AppStore|iPhone
		{9AAAC578-9126-4152-AE5C-F18DB880849D}.AppStore|x86.ActiveCfg = AppStore|iPhone
		{9AAAC578-9126-4152-AE5C-F18DB880849D}.Debug|Any CPU.ActiveCfg = Debug|iPhone
		{9AAAC578-9126-4152-AE5C-F18DB880849D}.Debug|ARM.ActiveCfg = Debug|iPhone
		{9AAAC578-9126-4152-AE5C-F18DB880849D}.Debug|iPhone.ActiveCfg = Debug|iPhone
		{9AAAC578-9126-4152-AE5C-F18DB880849D}.Debug|iPhone.Build.0 = Debug|iPhone
		{9AAAC578-9126-4152-AE5C-F18DB880849D}.Debug|iPhoneSimulator.ActiveCfg = Debug|iPhoneSimulator
		{9AAAC578-9126-4152-AE5C-F18DB880849D}.Debug|iPhoneSimulator.Build.0 = Debug|iPhoneSimulator
		{9AAAC578-9126-4152-AE5C-F18DB880849D}.Debug|x64.ActiveCfg = Debug|iPhone
		{9AAAC578-9126-4152-AE5C-F18DB880849D}.Debug|x86.ActiveCfg = Debug|iPhone
		{9AAAC578-9126-4152-AE5C-F18DB880849D}.Release|Any CPU.ActiveCfg = Release|iPhone
		{9AAAC578-9126-4152-AE5C-F18DB880849D}.Release|ARM.ActiveCfg = Release|iPhone
		{9AAAC578-9126-4152-AE5C-F18DB880849D}.Release|iPhone.ActiveCfg = Release|iPhone
		{9AAAC578-9126-4152-AE5C-F18DB880849D}.Release|iPhone.Build.0 = Release|iPhone
		{9AAAC578-9126-4152-AE5C-F18DB880849D}.Release|iPhoneSimulator.ActiveCfg = Release|iPhoneSimulator
		{9AAAC578-9126-4152-AE5C-F18DB880849D}.Release|iPhoneSimulator.Build.0 = Release|iPhoneSimulator
		{9AAAC578-9126-4152-AE5C-F18DB880849D}.Release|x64.ActiveCfg = Release|iPhone
		{9AAAC578-9126-4152-AE5C-F18DB880849D}.Release|x86.ActiveCfg = Release|iPhone
		{02D90EFC-38E3-435A-8029-3A29D5966A93}.Ad-Hoc|Any CPU.ActiveCfg = Release|Any CPU
		{02D90EFC-38E3-435A-8029-3A29D5966A93}.Ad-Hoc|Any CPU.Build.0 = Release|Any CPU
		{02D90EFC-38E3-435A-8029-3A29D5966A93}.Ad-Hoc|Any CPU.Deploy.0 = Release|Any CPU
		{02D90EFC-38E3-435A-8029-3A29D5966A93}.Ad-Hoc|ARM.ActiveCfg = Release|ARM
		{02D90EFC-38E3-435A-8029-3A29D5966A93}.Ad-Hoc|ARM.Build.0 = Release|ARM
		{02D90EFC-38E3-435A-8029-3A29D5966A93}.Ad-Hoc|ARM.Deploy.0 = Release|ARM
		{02D90EFC-38E3-435A-8029-3A29D5966A93}.Ad-Hoc|iPhone.ActiveCfg = Release|Any CPU
		{02D90EFC-38E3-435A-8029-3A29D5966A93}.Ad-Hoc|iPhone.Build.0 = Release|Any CPU
		{02D90EFC-38E3-435A-8029-3A29D5966A93}.Ad-Hoc|iPhone.Deploy.0 = Release|Any CPU
		{02D90EFC-38E3-435A-8029-3A29D5966A93}.Ad-Hoc|iPhoneSimulator.ActiveCfg = Release|Any CPU
		{02D90EFC-38E3-435A-8029-3A29D5966A93}.Ad-Hoc|iPhoneSimulator.Build.0 = Release|Any CPU
		{02D90EFC-38E3-435A-8029-3A29D5966A93}.Ad-Hoc|iPhoneSimulator.Deploy.0 = Release|Any CPU
		{02D90EFC-38E3-435A-8029-3A29D5966A93}.Ad-Hoc|x64.ActiveCfg = Release|Any CPU
		{02D90EFC-38E3-435A-8029-3A29D5966A93}.Ad-Hoc|x64.Build.0 = Release|Any CPU
		{02D90EFC-38E3-435A-8029-3A29D5966A93}.Ad-Hoc|x64.Deploy.0 = Release|Any CPU
		{02D90EFC-38E3-435A-8029-3A29D5966A93}.Ad-Hoc|x86.ActiveCfg = Release|x86
		{02D90EFC-38E3-435A-8029-3A29D5966A93}.Ad-Hoc|x86.Build.0 = Release|x86
		{02D90EFC-38E3-435A-8029-3A29D5966A93}.Ad-Hoc|x86.Deploy.0 = Release|x86
		{02D90EFC-38E3-435A-8029-3A29D5966A93}.AppStore|Any CPU.ActiveCfg = Release|Any CPU
		{02D90EFC-38E3-435A-8029-3A29D5966A93}.AppStore|Any CPU.Build.0 = Release|Any CPU
		{02D90EFC-38E3-435A-8029-3A29D5966A93}.AppStore|Any CPU.Deploy.0 = Release|Any CPU
		{02D90EFC-38E3-435A-8029-3A29D5966A93}.AppStore|ARM.ActiveCfg = Release|ARM
		{02D90EFC-38E3-435A-8029-3A29D5966A93}.AppStore|ARM.Build.0 = Release|ARM
		{02D90EFC-38E3-435A-8029-3A29D5966A93}.AppStore|ARM.Deploy.0 = Release|ARM
		{02D90EFC-38E3-435A-8029-3A29D5966A93}.AppStore|iPhone.ActiveCfg = Release|Any CPU
		{02D90EFC-38E3-435A-8029-3A29D5966A93}.AppStore|iPhone.Build.0 = Release|Any CPU
		{02D90EFC-38E3-435A-8029-3A29D5966A93}.AppStore|iPhone.Deploy.0 = Release|Any CPU
		{02D90EFC-38E3-435A-8029-3A29D5966A93}.AppStore|iPhoneSimulator.ActiveCfg = Release|Any CPU
		{02D90EFC-38E3-435A-8029-3A29D5966A93}.AppStore|iPhoneSimulator.Build.0 = Release|Any CPU
		{02D90EFC-38E3-435A-8029-3A29D5966A93}.AppStore|iPhoneSimulator.Deploy.0 = Release|Any CPU
		{02D90EFC-38E3-435A-8029-3A29D5966A93}.AppStore|x64.ActiveCfg = Release|Any CPU
		{02D90EFC-38E3-435A-8029-3A29D5966A93}.AppStore|x64.Build.0 = Release|Any CPU
		{02D90EFC-38E3-435A-8029-3A29D5966A93}.AppStore|x64.Deploy.0 = Release|Any CPU
		{02D90EFC-38E3-435A-8029-3A29D5966A93}.AppStore|x86.ActiveCfg = Release|x86
		{02D90EFC-38E3-435A-8029-3A29D5966A93}.AppStore|x86.Build.0 = Release|x86
		{02D90EFC-38E3-435A-8029-3A29D5966A93}.AppStore|x86.Deploy.0 = Release|x86
		{02D90EFC-38E3-435A-8029-3A29D5966A93}.Debug|Any CPU.ActiveCfg = Debug|Any CPU
		{02D90EFC-38E3-435A-8029-3A29D5966A93}.Debug|Any CPU.Build.0 = Debug|Any CPU
		{02D90EFC-38E3-435A-8029-3A29D5966A93}.Debug|Any CPU.Deploy.0 = Debug|Any CPU
		{02D90EFC-38E3-435A-8029-3A29D5966A93}.Debug|ARM.ActiveCfg = Debug|ARM
		{02D90EFC-38E3-435A-8029-3A29D5966A93}.Debug|ARM.Build.0 = Debug|ARM
		{02D90EFC-38E3-435A-8029-3A29D5966A93}.Debug|ARM.Deploy.0 = Debug|ARM
		{02D90EFC-38E3-435A-8029-3A29D5966A93}.Debug|iPhone.ActiveCfg = Debug|Any CPU
		{02D90EFC-38E3-435A-8029-3A29D5966A93}.Debug|iPhone.Build.0 = Debug|Any CPU
		{02D90EFC-38E3-435A-8029-3A29D5966A93}.Debug|iPhone.Deploy.0 = Debug|Any CPU
		{02D90EFC-38E3-435A-8029-3A29D5966A93}.Debug|iPhoneSimulator.ActiveCfg = Debug|Any CPU
		{02D90EFC-38E3-435A-8029-3A29D5966A93}.Debug|iPhoneSimulator.Build.0 = Debug|Any CPU
		{02D90EFC-38E3-435A-8029-3A29D5966A93}.Debug|iPhoneSimulator.Deploy.0 = Debug|Any CPU
		{02D90EFC-38E3-435A-8029-3A29D5966A93}.Debug|x64.ActiveCfg = Debug|Any CPU
		{02D90EFC-38E3-435A-8029-3A29D5966A93}.Debug|x64.Build.0 = Debug|Any CPU
		{02D90EFC-38E3-435A-8029-3A29D5966A93}.Debug|x64.Deploy.0 = Debug|Any CPU
		{02D90EFC-38E3-435A-8029-3A29D5966A93}.Debug|x86.ActiveCfg = Debug|x86
		{02D90EFC-38E3-435A-8029-3A29D5966A93}.Debug|x86.Build.0 = Debug|x86
		{02D90EFC-38E3-435A-8029-3A29D5966A93}.Debug|x86.Deploy.0 = Debug|x86
		{02D90EFC-38E3-435A-8029-3A29D5966A93}.Release|Any CPU.ActiveCfg = Release|Any CPU
		{02D90EFC-38E3-435A-8029-3A29D5966A93}.Release|Any CPU.Build.0 = Release|Any CPU
		{02D90EFC-38E3-435A-8029-3A29D5966A93}.Release|Any CPU.Deploy.0 = Release|Any CPU
		{02D90EFC-38E3-435A-8029-3A29D5966A93}.Release|ARM.ActiveCfg = Release|ARM
		{02D90EFC-38E3-435A-8029-3A29D5966A93}.Release|ARM.Build.0 = Release|ARM
		{02D90EFC-38E3-435A-8029-3A29D5966A93}.Release|ARM.Deploy.0 = Release|ARM
		{02D90EFC-38E3-435A-8029-3A29D5966A93}.Release|iPhone.ActiveCfg = Release|Any CPU
		{02D90EFC-38E3-435A-8029-3A29D5966A93}.Release|iPhone.Build.0 = Release|Any CPU
		{02D90EFC-38E3-435A-8029-3A29D5966A93}.Release|iPhone.Deploy.0 = Release|Any CPU
		{02D90EFC-38E3-435A-8029-3A29D5966A93}.Release|iPhoneSimulator.ActiveCfg = Release|Any CPU
		{02D90EFC-38E3-435A-8029-3A29D5966A93}.Release|iPhoneSimulator.Build.0 = Release|Any CPU
		{02D90EFC-38E3-435A-8029-3A29D5966A93}.Release|iPhoneSimulator.Deploy.0 = Release|Any CPU
		{02D90EFC-38E3-435A-8029-3A29D5966A93}.Release|x64.ActiveCfg = Release|Any CPU
		{02D90EFC-38E3-435A-8029-3A29D5966A93}.Release|x64.Build.0 = Release|Any CPU
		{02D90EFC-38E3-435A-8029-3A29D5966A93}.Release|x64.Deploy.0 = Release|Any CPU
		{02D90EFC-38E3-435A-8029-3A29D5966A93}.Release|x86.ActiveCfg = Release|x86
		{02D90EFC-38E3-435A-8029-3A29D5966A93}.Release|x86.Build.0 = Release|x86
		{02D90EFC-38E3-435A-8029-3A29D5966A93}.Release|x86.Deploy.0 = Release|x86
		{2C08C649-CEC7-4358-A2A5-2F5E1E4FD55C}.Ad-Hoc|Any CPU.ActiveCfg = Release|x86
		{2C08C649-CEC7-4358-A2A5-2F5E1E4FD55C}.Ad-Hoc|Any CPU.Build.0 = Release|x86
		{2C08C649-CEC7-4358-A2A5-2F5E1E4FD55C}.Ad-Hoc|Any CPU.Deploy.0 = Release|x86
		{2C08C649-CEC7-4358-A2A5-2F5E1E4FD55C}.Ad-Hoc|ARM.ActiveCfg = Release|ARM
		{2C08C649-CEC7-4358-A2A5-2F5E1E4FD55C}.Ad-Hoc|ARM.Build.0 = Release|ARM
		{2C08C649-CEC7-4358-A2A5-2F5E1E4FD55C}.Ad-Hoc|ARM.Deploy.0 = Release|ARM
		{2C08C649-CEC7-4358-A2A5-2F5E1E4FD55C}.Ad-Hoc|iPhone.ActiveCfg = Release|x86
		{2C08C649-CEC7-4358-A2A5-2F5E1E4FD55C}.Ad-Hoc|iPhone.Build.0 = Release|x86
		{2C08C649-CEC7-4358-A2A5-2F5E1E4FD55C}.Ad-Hoc|iPhone.Deploy.0 = Release|x86
		{2C08C649-CEC7-4358-A2A5-2F5E1E4FD55C}.Ad-Hoc|iPhoneSimulator.ActiveCfg = Release|x86
		{2C08C649-CEC7-4358-A2A5-2F5E1E4FD55C}.Ad-Hoc|iPhoneSimulator.Build.0 = Release|x86
		{2C08C649-CEC7-4358-A2A5-2F5E1E4FD55C}.Ad-Hoc|iPhoneSimulator.Deploy.0 = Release|x86
		{2C08C649-CEC7-4358-A2A5-2F5E1E4FD55C}.Ad-Hoc|x64.ActiveCfg = Release|x64
		{2C08C649-CEC7-4358-A2A5-2F5E1E4FD55C}.Ad-Hoc|x64.Build.0 = Release|x64
		{2C08C649-CEC7-4358-A2A5-2F5E1E4FD55C}.Ad-Hoc|x64.Deploy.0 = Release|x64
		{2C08C649-CEC7-4358-A2A5-2F5E1E4FD55C}.Ad-Hoc|x86.ActiveCfg = Release|x86
		{2C08C649-CEC7-4358-A2A5-2F5E1E4FD55C}.Ad-Hoc|x86.Build.0 = Release|x86
		{2C08C649-CEC7-4358-A2A5-2F5E1E4FD55C}.Ad-Hoc|x86.Deploy.0 = Release|x86
		{2C08C649-CEC7-4358-A2A5-2F5E1E4FD55C}.AppStore|Any CPU.ActiveCfg = Release|x86
		{2C08C649-CEC7-4358-A2A5-2F5E1E4FD55C}.AppStore|Any CPU.Build.0 = Release|x86
		{2C08C649-CEC7-4358-A2A5-2F5E1E4FD55C}.AppStore|Any CPU.Deploy.0 = Release|x86
		{2C08C649-CEC7-4358-A2A5-2F5E1E4FD55C}.AppStore|ARM.ActiveCfg = Release|ARM
		{2C08C649-CEC7-4358-A2A5-2F5E1E4FD55C}.AppStore|ARM.Build.0 = Release|ARM
		{2C08C649-CEC7-4358-A2A5-2F5E1E4FD55C}.AppStore|ARM.Deploy.0 = Release|ARM
		{2C08C649-CEC7-4358-A2A5-2F5E1E4FD55C}.AppStore|iPhone.ActiveCfg = Release|x86
		{2C08C649-CEC7-4358-A2A5-2F5E1E4FD55C}.AppStore|iPhone.Build.0 = Release|x86
		{2C08C649-CEC7-4358-A2A5-2F5E1E4FD55C}.AppStore|iPhone.Deploy.0 = Release|x86
		{2C08C649-CEC7-4358-A2A5-2F5E1E4FD55C}.AppStore|iPhoneSimulator.ActiveCfg = Release|x86
		{2C08C649-CEC7-4358-A2A5-2F5E1E4FD55C}.AppStore|iPhoneSimulator.Build.0 = Release|x86
		{2C08C649-CEC7-4358-A2A5-2F5E1E4FD55C}.AppStore|iPhoneSimulator.Deploy.0 = Release|x86
		{2C08C649-CEC7-4358-A2A5-2F5E1E4FD55C}.AppStore|x64.ActiveCfg = Release|x64
		{2C08C649-CEC7-4358-A2A5-2F5E1E4FD55C}.AppStore|x64.Build.0 = Release|x64
		{2C08C649-CEC7-4358-A2A5-2F5E1E4FD55C}.AppStore|x64.Deploy.0 = Release|x64
		{2C08C649-CEC7-4358-A2A5-2F5E1E4FD55C}.AppStore|x86.ActiveCfg = Release|x86
		{2C08C649-CEC7-4358-A2A5-2F5E1E4FD55C}.AppStore|x86.Build.0 = Release|x86
		{2C08C649-CEC7-4358-A2A5-2F5E1E4FD55C}.AppStore|x86.Deploy.0 = Release|x86
		{2C08C649-CEC7-4358-A2A5-2F5E1E4FD55C}.Debug|Any CPU.ActiveCfg = Debug|x86
		{2C08C649-CEC7-4358-A2A5-2F5E1E4FD55C}.Debug|ARM.ActiveCfg = Debug|ARM
		{2C08C649-CEC7-4358-A2A5-2F5E1E4FD55C}.Debug|ARM.Build.0 = Debug|ARM
		{2C08C649-CEC7-4358-A2A5-2F5E1E4FD55C}.Debug|ARM.Deploy.0 = Debug|ARM
		{2C08C649-CEC7-4358-A2A5-2F5E1E4FD55C}.Debug|iPhone.ActiveCfg = Debug|x86
		{2C08C649-CEC7-4358-A2A5-2F5E1E4FD55C}.Debug|iPhoneSimulator.ActiveCfg = Debug|x86
		{2C08C649-CEC7-4358-A2A5-2F5E1E4FD55C}.Debug|x64.ActiveCfg = Debug|x64
		{2C08C649-CEC7-4358-A2A5-2F5E1E4FD55C}.Debug|x64.Build.0 = Debug|x64
		{2C08C649-CEC7-4358-A2A5-2F5E1E4FD55C}.Debug|x64.Deploy.0 = Debug|x64
		{2C08C649-CEC7-4358-A2A5-2F5E1E4FD55C}.Debug|x86.ActiveCfg = Debug|x86
		{2C08C649-CEC7-4358-A2A5-2F5E1E4FD55C}.Debug|x86.Build.0 = Debug|x86
		{2C08C649-CEC7-4358-A2A5-2F5E1E4FD55C}.Debug|x86.Deploy.0 = Debug|x86
		{2C08C649-CEC7-4358-A2A5-2F5E1E4FD55C}.Release|Any CPU.ActiveCfg = Release|x86
		{2C08C649-CEC7-4358-A2A5-2F5E1E4FD55C}.Release|ARM.ActiveCfg = Release|ARM
		{2C08C649-CEC7-4358-A2A5-2F5E1E4FD55C}.Release|ARM.Build.0 = Release|ARM
		{2C08C649-CEC7-4358-A2A5-2F5E1E4FD55C}.Release|ARM.Deploy.0 = Release|ARM
		{2C08C649-CEC7-4358-A2A5-2F5E1E4FD55C}.Release|iPhone.ActiveCfg = Release|x86
		{2C08C649-CEC7-4358-A2A5-2F5E1E4FD55C}.Release|iPhoneSimulator.ActiveCfg = Release|x86
		{2C08C649-CEC7-4358-A2A5-2F5E1E4FD55C}.Release|x64.ActiveCfg = Release|x64
		{2C08C649-CEC7-4358-A2A5-2F5E1E4FD55C}.Release|x64.Build.0 = Release|x64
		{2C08C649-CEC7-4358-A2A5-2F5E1E4FD55C}.Release|x64.Deploy.0 = Release|x64
		{2C08C649-CEC7-4358-A2A5-2F5E1E4FD55C}.Release|x86.ActiveCfg = Release|x86
		{2C08C649-CEC7-4358-A2A5-2F5E1E4FD55C}.Release|x86.Build.0 = Release|x86
		{2C08C649-CEC7-4358-A2A5-2F5E1E4FD55C}.Release|x86.Deploy.0 = Release|x86
		{76EBE830-EB2C-4DE6-AA00-A72381C4ECAA}.Ad-Hoc|Any CPU.ActiveCfg = Release|Any CPU
		{76EBE830-EB2C-4DE6-AA00-A72381C4ECAA}.Ad-Hoc|Any CPU.Build.0 = Release|Any CPU
		{76EBE830-EB2C-4DE6-AA00-A72381C4ECAA}.Ad-Hoc|Any CPU.Deploy.0 = Release|Any CPU
		{76EBE830-EB2C-4DE6-AA00-A72381C4ECAA}.Ad-Hoc|ARM.ActiveCfg = Release|ARM
		{76EBE830-EB2C-4DE6-AA00-A72381C4ECAA}.Ad-Hoc|ARM.Build.0 = Release|ARM
		{76EBE830-EB2C-4DE6-AA00-A72381C4ECAA}.Ad-Hoc|ARM.Deploy.0 = Release|ARM
		{76EBE830-EB2C-4DE6-AA00-A72381C4ECAA}.Ad-Hoc|iPhone.ActiveCfg = Release|Any CPU
		{76EBE830-EB2C-4DE6-AA00-A72381C4ECAA}.Ad-Hoc|iPhone.Build.0 = Release|Any CPU
		{76EBE830-EB2C-4DE6-AA00-A72381C4ECAA}.Ad-Hoc|iPhone.Deploy.0 = Release|Any CPU
		{76EBE830-EB2C-4DE6-AA00-A72381C4ECAA}.Ad-Hoc|iPhoneSimulator.ActiveCfg = Release|Any CPU
		{76EBE830-EB2C-4DE6-AA00-A72381C4ECAA}.Ad-Hoc|iPhoneSimulator.Build.0 = Release|Any CPU
		{76EBE830-EB2C-4DE6-AA00-A72381C4ECAA}.Ad-Hoc|iPhoneSimulator.Deploy.0 = Release|Any CPU
		{76EBE830-EB2C-4DE6-AA00-A72381C4ECAA}.Ad-Hoc|x64.ActiveCfg = Release|x64
		{76EBE830-EB2C-4DE6-AA00-A72381C4ECAA}.Ad-Hoc|x64.Build.0 = Release|x64
		{76EBE830-EB2C-4DE6-AA00-A72381C4ECAA}.Ad-Hoc|x64.Deploy.0 = Release|x64
		{76EBE830-EB2C-4DE6-AA00-A72381C4ECAA}.Ad-Hoc|x86.ActiveCfg = Release|x86
		{76EBE830-EB2C-4DE6-AA00-A72381C4ECAA}.Ad-Hoc|x86.Build.0 = Release|x86
		{76EBE830-EB2C-4DE6-AA00-A72381C4ECAA}.Ad-Hoc|x86.Deploy.0 = Release|x86
		{76EBE830-EB2C-4DE6-AA00-A72381C4ECAA}.AppStore|Any CPU.ActiveCfg = Release|Any CPU
		{76EBE830-EB2C-4DE6-AA00-A72381C4ECAA}.AppStore|Any CPU.Build.0 = Release|Any CPU
		{76EBE830-EB2C-4DE6-AA00-A72381C4ECAA}.AppStore|Any CPU.Deploy.0 = Release|Any CPU
		{76EBE830-EB2C-4DE6-AA00-A72381C4ECAA}.AppStore|ARM.ActiveCfg = Release|ARM
		{76EBE830-EB2C-4DE6-AA00-A72381C4ECAA}.AppStore|ARM.Build.0 = Release|ARM
		{76EBE830-EB2C-4DE6-AA00-A72381C4ECAA}.AppStore|ARM.Deploy.0 = Release|ARM
		{76EBE830-EB2C-4DE6-AA00-A72381C4ECAA}.AppStore|iPhone.ActiveCfg = Release|Any CPU
		{76EBE830-EB2C-4DE6-AA00-A72381C4ECAA}.AppStore|iPhone.Build.0 = Release|Any CPU
		{76EBE830-EB2C-4DE6-AA00-A72381C4ECAA}.AppStore|iPhone.Deploy.0 = Release|Any CPU
		{76EBE830-EB2C-4DE6-AA00-A72381C4ECAA}.AppStore|iPhoneSimulator.ActiveCfg = Release|Any CPU
		{76EBE830-EB2C-4DE6-AA00-A72381C4ECAA}.AppStore|iPhoneSimulator.Build.0 = Release|Any CPU
		{76EBE830-EB2C-4DE6-AA00-A72381C4ECAA}.AppStore|iPhoneSimulator.Deploy.0 = Release|Any CPU
		{76EBE830-EB2C-4DE6-AA00-A72381C4ECAA}.AppStore|x64.ActiveCfg = Release|x64
		{76EBE830-EB2C-4DE6-AA00-A72381C4ECAA}.AppStore|x64.Build.0 = Release|x64
		{76EBE830-EB2C-4DE6-AA00-A72381C4ECAA}.AppStore|x64.Deploy.0 = Release|x64
		{76EBE830-EB2C-4DE6-AA00-A72381C4ECAA}.AppStore|x86.ActiveCfg = Release|x86
		{76EBE830-EB2C-4DE6-AA00-A72381C4ECAA}.AppStore|x86.Build.0 = Release|x86
		{76EBE830-EB2C-4DE6-AA00-A72381C4ECAA}.AppStore|x86.Deploy.0 = Release|x86
		{76EBE830-EB2C-4DE6-AA00-A72381C4ECAA}.Debug|Any CPU.ActiveCfg = Debug|Any CPU
		{76EBE830-EB2C-4DE6-AA00-A72381C4ECAA}.Debug|Any CPU.Build.0 = Debug|Any CPU
		{76EBE830-EB2C-4DE6-AA00-A72381C4ECAA}.Debug|Any CPU.Deploy.0 = Debug|Any CPU
		{76EBE830-EB2C-4DE6-AA00-A72381C4ECAA}.Debug|ARM.ActiveCfg = Debug|ARM
		{76EBE830-EB2C-4DE6-AA00-A72381C4ECAA}.Debug|ARM.Build.0 = Debug|ARM
		{76EBE830-EB2C-4DE6-AA00-A72381C4ECAA}.Debug|ARM.Deploy.0 = Debug|ARM
		{76EBE830-EB2C-4DE6-AA00-A72381C4ECAA}.Debug|iPhone.ActiveCfg = Debug|Any CPU
		{76EBE830-EB2C-4DE6-AA00-A72381C4ECAA}.Debug|iPhone.Build.0 = Debug|Any CPU
		{76EBE830-EB2C-4DE6-AA00-A72381C4ECAA}.Debug|iPhone.Deploy.0 = Debug|Any CPU
		{76EBE830-EB2C-4DE6-AA00-A72381C4ECAA}.Debug|iPhoneSimulator.ActiveCfg = Debug|Any CPU
		{76EBE830-EB2C-4DE6-AA00-A72381C4ECAA}.Debug|iPhoneSimulator.Build.0 = Debug|Any CPU
		{76EBE830-EB2C-4DE6-AA00-A72381C4ECAA}.Debug|iPhoneSimulator.Deploy.0 = Debug|Any CPU
		{76EBE830-EB2C-4DE6-AA00-A72381C4ECAA}.Debug|x64.ActiveCfg = Debug|x64
		{76EBE830-EB2C-4DE6-AA00-A72381C4ECAA}.Debug|x64.Build.0 = Debug|x64
		{76EBE830-EB2C-4DE6-AA00-A72381C4ECAA}.Debug|x64.Deploy.0 = Debug|x64
		{76EBE830-EB2C-4DE6-AA00-A72381C4ECAA}.Debug|x86.ActiveCfg = Debug|x86
		{76EBE830-EB2C-4DE6-AA00-A72381C4ECAA}.Debug|x86.Build.0 = Debug|x86
		{76EBE830-EB2C-4DE6-AA00-A72381C4ECAA}.Debug|x86.Deploy.0 = Debug|x86
		{76EBE830-EB2C-4DE6-AA00-A72381C4ECAA}.Release|Any CPU.ActiveCfg = Release|Any CPU
		{76EBE830-EB2C-4DE6-AA00-A72381C4ECAA}.Release|Any CPU.Build.0 = Release|Any CPU
		{76EBE830-EB2C-4DE6-AA00-A72381C4ECAA}.Release|Any CPU.Deploy.0 = Release|Any CPU
		{76EBE830-EB2C-4DE6-AA00-A72381C4ECAA}.Release|ARM.ActiveCfg = Release|ARM
		{76EBE830-EB2C-4DE6-AA00-A72381C4ECAA}.Release|ARM.Build.0 = Release|ARM
		{76EBE830-EB2C-4DE6-AA00-A72381C4ECAA}.Release|ARM.Deploy.0 = Release|ARM
		{76EBE830-EB2C-4DE6-AA00-A72381C4ECAA}.Release|iPhone.ActiveCfg = Release|Any CPU
		{76EBE830-EB2C-4DE6-AA00-A72381C4ECAA}.Release|iPhone.Build.0 = Release|Any CPU
		{76EBE830-EB2C-4DE6-AA00-A72381C4ECAA}.Release|iPhone.Deploy.0 = Release|Any CPU
		{76EBE830-EB2C-4DE6-AA00-A72381C4ECAA}.Release|iPhoneSimulator.ActiveCfg = Release|Any CPU
		{76EBE830-EB2C-4DE6-AA00-A72381C4ECAA}.Release|iPhoneSimulator.Build.0 = Release|Any CPU
		{76EBE830-EB2C-4DE6-AA00-A72381C4ECAA}.Release|iPhoneSimulator.Deploy.0 = Release|Any CPU
		{76EBE830-EB2C-4DE6-AA00-A72381C4ECAA}.Release|x64.ActiveCfg = Release|x64
		{76EBE830-EB2C-4DE6-AA00-A72381C4ECAA}.Release|x64.Build.0 = Release|x64
		{76EBE830-EB2C-4DE6-AA00-A72381C4ECAA}.Release|x64.Deploy.0 = Release|x64
		{76EBE830-EB2C-4DE6-AA00-A72381C4ECAA}.Release|x86.ActiveCfg = Release|x86
		{76EBE830-EB2C-4DE6-AA00-A72381C4ECAA}.Release|x86.Build.0 = Release|x86
		{76EBE830-EB2C-4DE6-AA00-A72381C4ECAA}.Release|x86.Deploy.0 = Release|x86
		{7EEDE8B1-2B5E-48B0-A546-E0864B1C6349}.Ad-Hoc|Any CPU.ActiveCfg = Release|Any CPU
		{7EEDE8B1-2B5E-48B0-A546-E0864B1C6349}.Ad-Hoc|Any CPU.Build.0 = Release|Any CPU
		{7EEDE8B1-2B5E-48B0-A546-E0864B1C6349}.Ad-Hoc|ARM.ActiveCfg = Release|Any CPU
		{7EEDE8B1-2B5E-48B0-A546-E0864B1C6349}.Ad-Hoc|ARM.Build.0 = Release|Any CPU
		{7EEDE8B1-2B5E-48B0-A546-E0864B1C6349}.Ad-Hoc|iPhone.ActiveCfg = Release|Any CPU
		{7EEDE8B1-2B5E-48B0-A546-E0864B1C6349}.Ad-Hoc|iPhone.Build.0 = Release|Any CPU
		{7EEDE8B1-2B5E-48B0-A546-E0864B1C6349}.Ad-Hoc|iPhoneSimulator.ActiveCfg = Release|Any CPU
		{7EEDE8B1-2B5E-48B0-A546-E0864B1C6349}.Ad-Hoc|iPhoneSimulator.Build.0 = Release|Any CPU
		{7EEDE8B1-2B5E-48B0-A546-E0864B1C6349}.Ad-Hoc|x64.ActiveCfg = Release|Any CPU
		{7EEDE8B1-2B5E-48B0-A546-E0864B1C6349}.Ad-Hoc|x64.Build.0 = Release|Any CPU
		{7EEDE8B1-2B5E-48B0-A546-E0864B1C6349}.Ad-Hoc|x86.ActiveCfg = Release|Any CPU
		{7EEDE8B1-2B5E-48B0-A546-E0864B1C6349}.Ad-Hoc|x86.Build.0 = Release|Any CPU
		{7EEDE8B1-2B5E-48B0-A546-E0864B1C6349}.AppStore|Any CPU.ActiveCfg = Release|Any CPU
		{7EEDE8B1-2B5E-48B0-A546-E0864B1C6349}.AppStore|Any CPU.Build.0 = Release|Any CPU
		{7EEDE8B1-2B5E-48B0-A546-E0864B1C6349}.AppStore|ARM.ActiveCfg = Release|Any CPU
		{7EEDE8B1-2B5E-48B0-A546-E0864B1C6349}.AppStore|ARM.Build.0 = Release|Any CPU
		{7EEDE8B1-2B5E-48B0-A546-E0864B1C6349}.AppStore|iPhone.ActiveCfg = Release|Any CPU
		{7EEDE8B1-2B5E-48B0-A546-E0864B1C6349}.AppStore|iPhone.Build.0 = Release|Any CPU
		{7EEDE8B1-2B5E-48B0-A546-E0864B1C6349}.AppStore|iPhoneSimulator.ActiveCfg = Release|Any CPU
		{7EEDE8B1-2B5E-48B0-A546-E0864B1C6349}.AppStore|iPhoneSimulator.Build.0 = Release|Any CPU
		{7EEDE8B1-2B5E-48B0-A546-E0864B1C6349}.AppStore|x64.ActiveCfg = Release|Any CPU
		{7EEDE8B1-2B5E-48B0-A546-E0864B1C6349}.AppStore|x64.Build.0 = Release|Any CPU
		{7EEDE8B1-2B5E-48B0-A546-E0864B1C6349}.AppStore|x86.ActiveCfg = Release|Any CPU
		{7EEDE8B1-2B5E-48B0-A546-E0864B1C6349}.AppStore|x86.Build.0 = Release|Any CPU
		{7EEDE8B1-2B5E-48B0-A546-E0864B1C6349}.Debug|Any CPU.ActiveCfg = Debug|Any CPU
		{7EEDE8B1-2B5E-48B0-A546-E0864B1C6349}.Debug|Any CPU.Build.0 = Debug|Any CPU
		{7EEDE8B1-2B5E-48B0-A546-E0864B1C6349}.Debug|ARM.ActiveCfg = Debug|Any CPU
		{7EEDE8B1-2B5E-48B0-A546-E0864B1C6349}.Debug|ARM.Build.0 = Debug|Any CPU
		{7EEDE8B1-2B5E-48B0-A546-E0864B1C6349}.Debug|iPhone.ActiveCfg = Debug|Any CPU
		{7EEDE8B1-2B5E-48B0-A546-E0864B1C6349}.Debug|iPhone.Build.0 = Debug|Any CPU
		{7EEDE8B1-2B5E-48B0-A546-E0864B1C6349}.Debug|iPhoneSimulator.ActiveCfg = Debug|Any CPU
		{7EEDE8B1-2B5E-48B0-A546-E0864B1C6349}.Debug|iPhoneSimulator.Build.0 = Debug|Any CPU
		{7EEDE8B1-2B5E-48B0-A546-E0864B1C6349}.Debug|x64.ActiveCfg = Debug|Any CPU
		{7EEDE8B1-2B5E-48B0-A546-E0864B1C6349}.Debug|x64.Build.0 = Debug|Any CPU
		{7EEDE8B1-2B5E-48B0-A546-E0864B1C6349}.Debug|x86.ActiveCfg = Debug|Any CPU
		{7EEDE8B1-2B5E-48B0-A546-E0864B1C6349}.Debug|x86.Build.0 = Debug|Any CPU
		{7EEDE8B1-2B5E-48B0-A546-E0864B1C6349}.Release|Any CPU.ActiveCfg = Release|Any CPU
		{7EEDE8B1-2B5E-48B0-A546-E0864B1C6349}.Release|Any CPU.Build.0 = Release|Any CPU
		{7EEDE8B1-2B5E-48B0-A546-E0864B1C6349}.Release|ARM.ActiveCfg = Release|Any CPU
		{7EEDE8B1-2B5E-48B0-A546-E0864B1C6349}.Release|ARM.Build.0 = Release|Any CPU
		{7EEDE8B1-2B5E-48B0-A546-E0864B1C6349}.Release|iPhone.ActiveCfg = Release|Any CPU
		{7EEDE8B1-2B5E-48B0-A546-E0864B1C6349}.Release|iPhone.Build.0 = Release|Any CPU
		{7EEDE8B1-2B5E-48B0-A546-E0864B1C6349}.Release|iPhoneSimulator.ActiveCfg = Release|Any CPU
		{7EEDE8B1-2B5E-48B0-A546-E0864B1C6349}.Release|iPhoneSimulator.Build.0 = Release|Any CPU
		{7EEDE8B1-2B5E-48B0-A546-E0864B1C6349}.Release|x64.ActiveCfg = Release|Any CPU
		{7EEDE8B1-2B5E-48B0-A546-E0864B1C6349}.Release|x64.Build.0 = Release|Any CPU
		{7EEDE8B1-2B5E-48B0-A546-E0864B1C6349}.Release|x86.ActiveCfg = Release|Any CPU
		{7EEDE8B1-2B5E-48B0-A546-E0864B1C6349}.Release|x86.Build.0 = Release|Any CPU
	EndGlobalSection
	GlobalSection(SolutionProperties) = preSolution
		HideSolutionNode = FALSE
	EndGlobalSection
EndGlobal
